// !$*UTF8*$!
{
	archiveVersion = 1;
	classes = {
	};
	objectVersion = 50;
	objects = {

/* Begin PBXBuildFile section */
		C31F786C249F4971003C5382 /* AppDelegate.swift in Sources */ = {isa = PBXBuildFile; fileRef = C31F786B249F4971003C5382 /* AppDelegate.swift */; };
		C31F786E249F4971003C5382 /* SceneDelegate.swift in Sources */ = {isa = PBXBuildFile; fileRef = C31F786D249F4971003C5382 /* SceneDelegate.swift */; };
		C31F7870249F4971003C5382 /* ContentView.swift in Sources */ = {isa = PBXBuildFile; fileRef = C31F786F249F4971003C5382 /* ContentView.swift */; };
		C31F7872249F4972003C5382 /* Assets.xcassets in Resources */ = {isa = PBXBuildFile; fileRef = C31F7871249F4972003C5382 /* Assets.xcassets */; };
		C31F7875249F4972003C5382 /* Preview Assets.xcassets in Resources */ = {isa = PBXBuildFile; fileRef = C31F7874249F4972003C5382 /* Preview Assets.xcassets */; };
		C31F7878249F4972003C5382 /* LaunchScreen.storyboard in Resources */ = {isa = PBXBuildFile; fileRef = C31F7876249F4972003C5382 /* LaunchScreen.storyboard */; };
/* End PBXBuildFile section */

/* Begin PBXFileReference section */
		C31F7868249F4971003C5382 /* GeometryAndLayout.app */ = {isa = PBXFileReference; explicitFileType = wrapper.application; includeInIndex = 0; path = GeometryAndLayout.app; sourceTree = BUILT_PRODUCTS_DIR; };
		C31F786B249F4971003C5382 /* AppDelegate.swift */ = {isa = PBXFileReference; lastKnownFileType = sourcecode.swift; path = AppDelegate.swift; sourceTree = "<group>"; };
		C31F786D249F4971003C5382 /* SceneDelegate.swift */ = {isa = PBXFileReference; lastKnownFileType = sourcecode.swift; path = SceneDelegate.swift; sourceTree = "<group>"; };
		C31F786F249F4971003C5382 /* ContentView.swift */ = {isa = PBXFileReference; lastKnownFileType = sourcecode.swift; path = ContentView.swift; sourceTree = "<group>"; };
		C31F7871249F4972003C5382 /* Assets.xcassets */ = {isa = PBXFileReference; lastKnownFileType = folder.assetcatalog; path = Assets.xcassets; sourceTree = "<group>"; };
		C31F7874249F4972003C5382 /* Preview Assets.xcassets */ = {isa = PBXFileReference; lastKnownFileType = folder.assetcatalog; path = "Preview Assets.xcassets"; sourceTree = "<group>"; };
		C31F7877249F4972003C5382 /* Base */ = {isa = PBXFileReference; lastKnownFileType = file.storyboard; name = Base; path = Base.lproj/LaunchScreen.storyboard; sourceTree = "<group>"; };
		C31F7879249F4972003C5382 /* Info.plist */ = {isa = PBXFileReference; lastKnownFileType = text.plist.xml; path = Info.plist; sourceTree = "<group>"; };
/* End PBXFileReference section */

/* Begin PBXFrameworksBuildPhase section */
		C31F7865249F4971003C5382 /* Frameworks */ = {
			isa = PBXFrameworksBuildPhase;
			buildActionMask = 2147483647;
			files = (
			);
			runOnlyForDeploymentPostprocessing = 0;
		};
/* End PBXFrameworksBuildPhase section */

/* Begin PBXGroup section */
		C31F785F249F4971003C5382 = {
			isa = PBXGroup;
			children = (
				C31F786A249F4971003C5382 /* GeometryAndLayout */,
				C31F7869249F4971003C5382 /* Products */,
			);
			sourceTree = "<group>";
		};
		C31F7869249F4971003C5382 /* Products */ = {
			isa = PBXGroup;
			children = (
				C31F7868249F4971003C5382 /* GeometryAndLayout.app */,
			);
			name = Products;
			sourceTree = "<group>";
		};
		C31F786A249F4971003C5382 /* GeometryAndLayout */ = {
			isa = PBXGroup;
			children = (
				C31F786B249F4971003C5382 /* AppDelegate.swift */,
				C31F786D249F4971003C5382 /* SceneDelegate.swift */,
				C31F786F249F4971003C5382 /* ContentView.swift */,
				C31F7871249F4972003C5382 /* Assets.xcassets */,
				C31F7876249F4972003C5382 /* LaunchScreen.storyboard */,
				C31F7879249F4972003C5382 /* Info.plist */,
				C31F7873249F4972003C5382 /* Preview Content */,
			);
			path = GeometryAndLayout;
			sourceTree = "<group>";
		};
		C31F7873249F4972003C5382 /* Preview Content */ = {
			isa = PBXGroup;
			children = (
				C31F7874249F4972003C5382 /* Preview Assets.xcassets */,
			);
			path = "Preview Content";
			sourceTree = "<group>";
		};
/* End PBXGroup section */

/* Begin PBXNativeTarget section */
		C31F7867249F4971003C5382 /* GeometryAndLayout */ = {
			isa = PBXNativeTarget;
			buildConfigurationList = C31F787C249F4972003C5382 /* Build configuration list for PBXNativeTarget "GeometryAndLayout" */;
			buildPhases = (
				C31F7864249F4971003C5382 /* Sources */,
				C31F7865249F4971003C5382 /* Frameworks */,
				C31F7866249F4971003C5382 /* Resources */,
			);
			buildRules = (
			);
			dependencies = (
			);
			name = GeometryAndLayout;
			productName = GeometryAndLayout;
			productReference = C31F7868249F4971003C5382 /* GeometryAndLayout.app */;
			productType = "com.apple.product-type.application";
		};
/* End PBXNativeTarget section */

/* Begin PBXProject section */
		C31F7860249F4971003C5382 /* Project object */ = {
			isa = PBXProject;
			attributes = {
				LastSwiftUpdateCheck = 1150;
				LastUpgradeCheck = 1150;
				ORGANIZATIONNAME = "Donny G";
				TargetAttributes = {
					C31F7867249F4971003C5382 = {
						CreatedOnToolsVersion = 11.5;
					};
				};
			};
			buildConfigurationList = C31F7863249F4971003C5382 /* Build configuration list for PBXProject "GeometryAndLayout" */;
			compatibilityVersion = "Xcode 9.3";
			developmentRegion = en;
			hasScannedForEncodings = 0;
			knownRegions = (
				en,
				Base,
			);
			mainGroup = C31F785F249F4971003C5382;
			productRefGroup = C31F7869249F4971003C5382 /* Products */;
			projectDirPath = "";
			projectRoot = "";
			targets = (
				C31F7867249F4971003C5382 /* GeometryAndLayout */,
			);
		};
/* End PBXProject section */

/* Begin PBXResourcesBuildPhase section */
		C31F7866249F4971003C5382 /* Resources */ = {
			isa = PBXResourcesBuildPhase;
			buildActionMask = 2147483647;
			files = (
				C31F7878249F4972003C5382 /* LaunchScreen.storyboard in Resources */,
				C31F7875249F4972003C5382 /* Preview Assets.xcassets in Resources */,
				C31F7872249F4972003C5382 /* Assets.xcassets in Resources */,
			);
			runOnlyForDeploymentPostprocessing = 0;
		};
/* End PBXResourcesBuildPhase section */

/* Begin PBXSourcesBuildPhase section */
		C31F7864249F4971003C5382 /* Sources */ = {
			isa = PBXSourcesBuildPhase;
			buildActionMask = 2147483647;
			files = (
				C31F786C249F4971003C5382 /* AppDelegate.swift in Sources */,
				C31F786E249F4971003C5382 /* SceneDelegate.swift in Sources */,
				C31F7870249F4971003C5382 /* ContentView.swift in Sources */,
			);
			runOnlyForDeploymentPostprocessing = 0;
		};
/* End PBXSourcesBuildPhase section */

/* Begin PBXVariantGroup section */
		C31F7876249F4972003C5382 /* LaunchScreen.storyboard */ = {
			isa = PBXVariantGroup;
			children = (
				C31F7877249F4972003C5382 /* Base */,
			);
			name = LaunchScreen.storyboard;
			sourceTree = "<group>";
		};
/* End PBXVariantGroup section */

/* Begin XCBuildConfiguration section */
		C31F787A249F4972003C5382 /* Debug */ = {
			isa = XCBuildConfiguration;
			buildSettings = {
				ALWAYS_SEARCH_USER_PATHS = NO;
				CLANG_ANALYZER_NONNULL = YES;
				CLANG_ANALYZER_NUMBER_OBJECT_CONVERSION = YES_AGGRESSIVE;
				CLANG_CXX_LANGUAGE_STANDARD = "gnu++14";
				CLANG_CXX_LIBRARY = "libc++";
				CLANG_ENABLE_MODULES = YES;
				CLANG_ENABLE_OBJC_ARC = YES;
				CLANG_ENABLE_OBJC_WEAK = YES;
				CLANG_WARN_BLOCK_CAPTURE_AUTORELEASING = YES;
				CLANG_WARN_BOOL_CONVERSION = YES;
				CLANG_WARN_COMMA = YES;
				CLANG_WARN_CONSTANT_CONVERSION = YES;
				CLANG_WARN_DEPRECATED_OBJC_IMPLEMENTATIONS = YES;
				CLANG_WARN_DIRECT_OBJC_ISA_USAGE = YES_ERROR;
				CLANG_WARN_DOCUMENTATION_COMMENTS = YES;
				CLANG_WARN_EMPTY_BODY = YES;
				CLANG_WARN_ENUM_CONVERSION = YES;
				CLANG_WARN_INFINITE_RECURSION = YES;
				CLANG_WARN_INT_CONVERSION = YES;
				CLANG_WARN_NON_LITERAL_NULL_CONVERSION = YES;
				CLANG_WARN_OBJC_IMPLICIT_RETAIN_SELF = YES;
				CLANG_WARN_OBJC_LITERAL_CONVERSION = YES;
				CLANG_WARN_OBJC_ROOT_CLASS = YES_ERROR;
				CLANG_WARN_RANGE_LOOP_ANALYSIS = YES;
				CLANG_WARN_STRICT_PROTOTYPES = YES;
				CLANG_WARN_SUSPICIOUS_MOVE = YES;
				CLANG_WARN_UNGUARDED_AVAILABILITY = YES_AGGRESSIVE;
				CLANG_WARN_UNREACHABLE_CODE = YES;
				CLANG_WARN__DUPLICATE_METHOD_MATCH = YES;
				COPY_PHASE_STRIP = NO;
				DEBUG_INFORMATION_FORMAT = dwarf;
				ENABLE_STRICT_OBJC_MSGSEND = YES;
				ENABLE_TESTABILITY = YES;
				GCC_C_LANGUAGE_STANDARD = gnu11;
				GCC_DYNAMIC_NO_PIC = NO;
				GCC_NO_COMMON_BLOCKS = YES;
				GCC_OPTIMIZATION_LEVEL = 0;
				GCC_PREPROCESSOR_DEFINITIONS = (
					"DEBUG=1",
					"$(inherited)",
				);
				GCC_WARN_64_TO_32_BIT_CONVERSION = YES;
				GCC_WARN_ABOUT_RETURN_TYPE = YES_ERROR;
				GCC_WARN_UNDECLARED_SELECTOR = YES;
				GCC_WARN_UNINITIALIZED_AUTOS = YES_AGGRESSIVE;
				GCC_WARN_UNUSED_FUNCTION = YES;
				GCC_WARN_UNUSED_VARIABLE = YES;
				IPHONEOS_DEPLOYMENT_TARGET = 13.5;
				MTL_ENABLE_DEBUG_INFO = INCLUDE_SOURCE;
				MTL_FAST_MATH = YES;
				ONLY_ACTIVE_ARCH = YES;
				SDKROOT = iphoneos;
				SWIFT_ACTIVE_COMPILATION_CONDITIONS = DEBUG;
				SWIFT_OPTIMIZATION_LEVEL = "-Onone";
			};
			name = Debug;
		};
		C31F787B249F4972003C5382 /* Release */ = {
			isa = XCBuildConfiguration;
			buildSettings = {
				ALWAYS_SEARCH_USER_PATHS = NO;
				CLANG_ANALYZER_NONNULL = YES;
				CLANG_ANALYZER_NUMBER_OBJECT_CONVERSION = YES_AGGRESSIVE;
				CLANG_CXX_LANGUAGE_STANDARD = "gnu++14";
				CLANG_CXX_LIBRARY = "libc++";
				CLANG_ENABLE_MODULES = YES;
				CLANG_ENABLE_OBJC_ARC = YES;
				CLANG_ENABLE_OBJC_WEAK = YES;
				CLANG_WARN_BLOCK_CAPTURE_AUTORELEASING = YES;
				CLANG_WARN_BOOL_CONVERSION = YES;
				CLANG_WARN_COMMA = YES;
				CLANG_WARN_CONSTANT_CONVERSION = YES;
				CLANG_WARN_DEPRECATED_OBJC_IMPLEMENTATIONS = YES;
				CLANG_WARN_DIRECT_OBJC_ISA_USAGE = YES_ERROR;
				CLANG_WARN_DOCUMENTATION_COMMENTS = YES;
				CLANG_WARN_EMPTY_BODY = YES;
				CLANG_WARN_ENUM_CONVERSION = YES;
				CLANG_WARN_INFINITE_RECURSION = YES;
				CLANG_WARN_INT_CONVERSION = YES;
				CLANG_WARN_NON_LITERAL_NULL_CONVERSION = YES;
				CLANG_WARN_OBJC_IMPLICIT_RETAIN_SELF = YES;
				CLANG_WARN_OBJC_LITERAL_CONVERSION = YES;
				CLANG_WARN_OBJC_ROOT_CLASS = YES_ERROR;
				CLANG_WARN_RANGE_LOOP_ANALYSIS = YES;
				CLANG_WARN_STRICT_PROTOTYPES = YES;
				CLANG_WARN_SUSPICIOUS_MOVE = YES;
				CLANG_WARN_UNGUARDED_AVAILABILITY = YES_AGGRESSIVE;
				CLANG_WARN_UNREACHABLE_CODE = YES;
				CLANG_WARN__DUPLICATE_METHOD_MATCH = YES;
				COPY_PHASE_STRIP = NO;
				DEBUG_INFORMATION_FORMAT = "dwarf-with-dsym";
				ENABLE_NS_ASSERTIONS = NO;
				ENABLE_STRICT_OBJC_MSGSEND = YES;
				GCC_C_LANGUAGE_STANDARD = gnu11;
				GCC_NO_COMMON_BLOCKS = YES;
				GCC_WARN_64_TO_32_BIT_CONVERSION = YES;
				GCC_WARN_ABOUT_RETURN_TYPE = YES_ERROR;
				GCC_WARN_UNDECLARED_SELECTOR = YES;
				GCC_WARN_UNINITIALIZED_AUTOS = YES_AGGRESSIVE;
				GCC_WARN_UNUSED_FUNCTION = YES;
				GCC_WARN_UNUSED_VARIABLE = YES;
				IPHONEOS_DEPLOYMENT_TARGET = 13.5;
				MTL_ENABLE_DEBUG_INFO = NO;
				MTL_FAST_MATH = YES;
				SDKROOT = iphoneos;
				SWIFT_COMPILATION_MODE = wholemodule;
				SWIFT_OPTIMIZATION_LEVEL = "-O";
				VALIDATE_PRODUCT = YES;
			};
			name = Release;
		};
		C31F787D249F4972003C5382 /* Debug */ = {
			isa = XCBuildConfiguration;
			buildSettings = {
				ASSETCATALOG_COMPILER_APPICON_NAME = AppIcon;
				CODE_SIGN_STYLE = Automatic;
				DEVELOPMENT_ASSET_PATHS = "\"GeometryAndLayout/Preview Content\"";
				DEVELOPMENT_TEAM = TL2K3UG7R4;
				ENABLE_PREVIEWS = YES;
				INFOPLIST_FILE = GeometryAndLayout/Info.plist;
				LD_RUNPATH_SEARCH_PATHS = (
					"$(inherited)",
					"@executable_path/Frameworks",
				);
				PRODUCT_BUNDLE_IDENTIFIER = "Donny-G.GeometryAndLayout";
				PRODUCT_NAME = "$(TARGET_NAME)";
				SWIFT_VERSION = 5.0;
				TARGETED_DEVICE_FAMILY = "1,2";
			};
			name = Debug;
		};
		C31F787E249F4972003C5382 /* Release */ = {
			isa = XCBuildConfiguration;
			buildSettings = {
				ASSETCATALOG_COMPILER_APPICON_NAME = AppIcon;
				CODE_SIGN_STYLE = Automatic;
				DEVELOPMENT_ASSET_PATHS = "\"GeometryAndLayout/Preview Content\"";
				DEVELOPMENT_TEAM = TL2K3UG7R4;
				ENABLE_PREVIEWS = YES;
				INFOPLIST_FILE = GeometryAndLayout/Info.plist;
				LD_RUNPATH_SEARCH_PATHS = (
					"$(inherited)",
					"@executable_path/Frameworks",
				);
				PRODUCT_BUNDLE_IDENTIFIER = "Donny-G.GeometryAndLayout";
				PRODUCT_NAME = "$(TARGET_NAME)";
				SWIFT_VERSION = 5.0;
				TARGETED_DEVICE_FAMILY = "1,2";
			};
			name = Release;
		};
/* End XCBuildConfiguration section */

/* Begin XCConfigurationList section */
		C31F7863249F4971003C5382 /* Build configuration list for PBXProject "GeometryAndLayout" */ = {
			isa = XCConfigurationList;
			buildConfigurations = (
				C31F787A249F4972003C5382 /* Debug */,
				C31F787B249F4972003C5382 /* Release */,
			);
			defaultConfigurationIsVisible = 0;
			defaultConfigurationName = Release;
		};
		C31F787C249F4972003C5382 /* Build configuration list for PBXNativeTarget "GeometryAndLayout" */ = {
			isa = XCConfigurationList;
			buildConfigurations = (
				C31F787D249F4972003C5382 /* Debug */,
				C31F787E249F4972003C5382 /* Release */,
			);
			defaultConfigurationIsVisible = 0;
			defaultConfigurationName = Release;
		};
/* End XCConfigurationList section */
	};
	rootObject = C31F7860249F4971003C5382 /* Project object */;
}
