// !$*UTF8*$!
{
	archiveVersion = 1;
	classes = {
	};
	objectVersion = 50;
	objects = {

/* Begin PBXBuildFile section */
		C321817724938E0E007B0514 /* MKPointAnnotation-Codable.swift in Sources */ = {isa = PBXBuildFile; fileRef = C321817624938E0E007B0514 /* MKPointAnnotation-Codable.swift */; };
		C32181792493C1DD007B0514 /* UnlockedMapView.swift in Sources */ = {isa = PBXBuildFile; fileRef = C32181782493C1DD007B0514 /* UnlockedMapView.swift */; };
		C325CC242492331D00BB415C /* MKPointAnnotation-ObservableObject.swift in Sources */ = {isa = PBXBuildFile; fileRef = C325CC232492331D00BB415C /* MKPointAnnotation-ObservableObject.swift */; };
		C325CC262492393D00BB415C /* EditView.swift in Sources */ = {isa = PBXBuildFile; fileRef = C325CC252492393D00BB415C /* EditView.swift */; };
		C325CC2824927B3D00BB415C /* Result.swift in Sources */ = {isa = PBXBuildFile; fileRef = C325CC2724927B3D00BB415C /* Result.swift */; };
		C36E85312491041E002A5093 /* AppDelegate.swift in Sources */ = {isa = PBXBuildFile; fileRef = C36E85302491041E002A5093 /* AppDelegate.swift */; };
		C36E85332491041E002A5093 /* SceneDelegate.swift in Sources */ = {isa = PBXBuildFile; fileRef = C36E85322491041E002A5093 /* SceneDelegate.swift */; };
		C36E85352491041E002A5093 /* ContentView.swift in Sources */ = {isa = PBXBuildFile; fileRef = C36E85342491041E002A5093 /* ContentView.swift */; };
		C36E853724910420002A5093 /* Assets.xcassets in Resources */ = {isa = PBXBuildFile; fileRef = C36E853624910420002A5093 /* Assets.xcassets */; };
		C36E853A24910420002A5093 /* Preview Assets.xcassets in Resources */ = {isa = PBXBuildFile; fileRef = C36E853924910420002A5093 /* Preview Assets.xcassets */; };
		C36E853D24910420002A5093 /* LaunchScreen.storyboard in Resources */ = {isa = PBXBuildFile; fileRef = C36E853B24910420002A5093 /* LaunchScreen.storyboard */; };
		C36E854724911D08002A5093 /* MapView.swift in Sources */ = {isa = PBXBuildFile; fileRef = C36E854624911D08002A5093 /* MapView.swift */; };
/* End PBXBuildFile section */

/* Begin PBXFileReference section */
		C321817624938E0E007B0514 /* MKPointAnnotation-Codable.swift */ = {isa = PBXFileReference; lastKnownFileType = sourcecode.swift; path = "MKPointAnnotation-Codable.swift"; sourceTree = SOURCE_ROOT; };
		C32181782493C1DD007B0514 /* UnlockedMapView.swift */ = {isa = PBXFileReference; lastKnownFileType = sourcecode.swift; path = UnlockedMapView.swift; sourceTree = "<group>"; };
		C325CC232492331D00BB415C /* MKPointAnnotation-ObservableObject.swift */ = {isa = PBXFileReference; lastKnownFileType = sourcecode.swift; path = "MKPointAnnotation-ObservableObject.swift"; sourceTree = "<group>"; };
		C325CC252492393D00BB415C /* EditView.swift */ = {isa = PBXFileReference; lastKnownFileType = sourcecode.swift; path = EditView.swift; sourceTree = "<group>"; };
		C325CC2724927B3D00BB415C /* Result.swift */ = {isa = PBXFileReference; lastKnownFileType = sourcecode.swift; path = Result.swift; sourceTree = "<group>"; };
		C36E852D2491041E002A5093 /* BucketList.app */ = {isa = PBXFileReference; explicitFileType = wrapper.application; includeInIndex = 0; path = BucketList.app; sourceTree = BUILT_PRODUCTS_DIR; };
		C36E85302491041E002A5093 /* AppDelegate.swift */ = {isa = PBXFileReference; lastKnownFileType = sourcecode.swift; path = AppDelegate.swift; sourceTree = "<group>"; };
		C36E85322491041E002A5093 /* SceneDelegate.swift */ = {isa = PBXFileReference; lastKnownFileType = sourcecode.swift; path = SceneDelegate.swift; sourceTree = "<group>"; };
		C36E85342491041E002A5093 /* ContentView.swift */ = {isa = PBXFileReference; lastKnownFileType = sourcecode.swift; path = ContentView.swift; sourceTree = "<group>"; };
		C36E853624910420002A5093 /* Assets.xcassets */ = {isa = PBXFileReference; lastKnownFileType = folder.assetcatalog; path = Assets.xcassets; sourceTree = "<group>"; };
		C36E853924910420002A5093 /* Preview Assets.xcassets */ = {isa = PBXFileReference; lastKnownFileType = folder.assetcatalog; path = "Preview Assets.xcassets"; sourceTree = "<group>"; };
		C36E853C24910420002A5093 /* Base */ = {isa = PBXFileReference; lastKnownFileType = file.storyboard; name = Base; path = Base.lproj/LaunchScreen.storyboard; sourceTree = "<group>"; };
		C36E853E24910420002A5093 /* Info.plist */ = {isa = PBXFileReference; lastKnownFileType = text.plist.xml; path = Info.plist; sourceTree = "<group>"; };
		C36E854624911D08002A5093 /* MapView.swift */ = {isa = PBXFileReference; lastKnownFileType = sourcecode.swift; path = MapView.swift; sourceTree = SOURCE_ROOT; };
/* End PBXFileReference section */

/* Begin PBXFrameworksBuildPhase section */
		C36E852A2491041E002A5093 /* Frameworks */ = {
			isa = PBXFrameworksBuildPhase;
			buildActionMask = 2147483647;
			files = (
			);
			runOnlyForDeploymentPostprocessing = 0;
		};
/* End PBXFrameworksBuildPhase section */

/* Begin PBXGroup section */
		C36E85242491041E002A5093 = {
			isa = PBXGroup;
			children = (
				C36E852F2491041E002A5093 /* BucketList */,
				C36E852E2491041E002A5093 /* Products */,
			);
			sourceTree = "<group>";
		};
		C36E852E2491041E002A5093 /* Products */ = {
			isa = PBXGroup;
			children = (
				C36E852D2491041E002A5093 /* BucketList.app */,
			);
			name = Products;
			sourceTree = "<group>";
		};
		C36E852F2491041E002A5093 /* BucketList */ = {
			isa = PBXGroup;
			children = (
				C321817624938E0E007B0514 /* MKPointAnnotation-Codable.swift */,
				C36E854624911D08002A5093 /* MapView.swift */,
				C325CC232492331D00BB415C /* MKPointAnnotation-ObservableObject.swift */,
				C325CC252492393D00BB415C /* EditView.swift */,
				C36E85302491041E002A5093 /* AppDelegate.swift */,
				C36E85322491041E002A5093 /* SceneDelegate.swift */,
				C36E85342491041E002A5093 /* ContentView.swift */,
				C32181782493C1DD007B0514 /* UnlockedMapView.swift */,
				C325CC2724927B3D00BB415C /* Result.swift */,
				C36E853624910420002A5093 /* Assets.xcassets */,
				C36E853B24910420002A5093 /* LaunchScreen.storyboard */,
				C36E853E24910420002A5093 /* Info.plist */,
				C36E853824910420002A5093 /* Preview Content */,
			);
			path = BucketList;
			sourceTree = "<group>";
		};
		C36E853824910420002A5093 /* Preview Content */ = {
			isa = PBXGroup;
			children = (
				C36E853924910420002A5093 /* Preview Assets.xcassets */,
			);
			path = "Preview Content";
			sourceTree = "<group>";
		};
/* End PBXGroup section */

/* Begin PBXNativeTarget section */
		C36E852C2491041E002A5093 /* BucketList */ = {
			isa = PBXNativeTarget;
			buildConfigurationList = C36E854124910420002A5093 /* Build configuration list for PBXNativeTarget "BucketList" */;
			buildPhases = (
				C36E85292491041E002A5093 /* Sources */,
				C36E852A2491041E002A5093 /* Frameworks */,
				C36E852B2491041E002A5093 /* Resources */,
			);
			buildRules = (
			);
			dependencies = (
			);
			name = BucketList;
			productName = BucketList;
			productReference = C36E852D2491041E002A5093 /* BucketList.app */;
			productType = "com.apple.product-type.application";
		};
/* End PBXNativeTarget section */

/* Begin PBXProject section */
		C36E85252491041E002A5093 /* Project object */ = {
			isa = PBXProject;
			attributes = {
				LastSwiftUpdateCheck = 1150;
				LastUpgradeCheck = 1150;
				ORGANIZATIONNAME = "Donny G";
				TargetAttributes = {
					C36E852C2491041E002A5093 = {
						CreatedOnToolsVersion = 11.5;
					};
				};
			};
			buildConfigurationList = C36E85282491041E002A5093 /* Build configuration list for PBXProject "BucketList" */;
			compatibilityVersion = "Xcode 9.3";
			developmentRegion = en;
			hasScannedForEncodings = 0;
			knownRegions = (
				en,
				Base,
			);
			mainGroup = C36E85242491041E002A5093;
			productRefGroup = C36E852E2491041E002A5093 /* Products */;
			projectDirPath = "";
			projectRoot = "";
			targets = (
				C36E852C2491041E002A5093 /* BucketList */,
			);
		};
/* End PBXProject section */

/* Begin PBXResourcesBuildPhase section */
		C36E852B2491041E002A5093 /* Resources */ = {
			isa = PBXResourcesBuildPhase;
			buildActionMask = 2147483647;
			files = (
				C36E853D24910420002A5093 /* LaunchScreen.storyboard in Resources */,
				C36E853A24910420002A5093 /* Preview Assets.xcassets in Resources */,
				C36E853724910420002A5093 /* Assets.xcassets in Resources */,
			);
			runOnlyForDeploymentPostprocessing = 0;
		};
/* End PBXResourcesBuildPhase section */

/* Begin PBXSourcesBuildPhase section */
		C36E85292491041E002A5093 /* Sources */ = {
			isa = PBXSourcesBuildPhase;
			buildActionMask = 2147483647;
			files = (
				C36E85312491041E002A5093 /* AppDelegate.swift in Sources */,
				C36E854724911D08002A5093 /* MapView.swift in Sources */,
				C325CC262492393D00BB415C /* EditView.swift in Sources */,
				C36E85332491041E002A5093 /* SceneDelegate.swift in Sources */,
				C325CC2824927B3D00BB415C /* Result.swift in Sources */,
				C325CC242492331D00BB415C /* MKPointAnnotation-ObservableObject.swift in Sources */,
				C321817724938E0E007B0514 /* MKPointAnnotation-Codable.swift in Sources */,
				C32181792493C1DD007B0514 /* UnlockedMapView.swift in Sources */,
				C36E85352491041E002A5093 /* ContentView.swift in Sources */,
			);
			runOnlyForDeploymentPostprocessing = 0;
		};
/* End PBXSourcesBuildPhase section */

/* Begin PBXVariantGroup section */
		C36E853B24910420002A5093 /* LaunchScreen.storyboard */ = {
			isa = PBXVariantGroup;
			children = (
				C36E853C24910420002A5093 /* Base */,
			);
			name = LaunchScreen.storyboard;
			sourceTree = "<group>";
		};
/* End PBXVariantGroup section */

/* Begin XCBuildConfiguration section */
		C36E853F24910420002A5093 /* Debug */ = {
			isa = XCBuildConfiguration;
			buildSettings = {
				ALWAYS_SEARCH_USER_PATHS = NO;
				CLANG_ANALYZER_NONNULL = YES;
				CLANG_ANALYZER_NUMBER_OBJECT_CONVERSION = YES_AGGRESSIVE;
				CLANG_CXX_LANGUAGE_STANDARD = "gnu++14";
				CLANG_CXX_LIBRARY = "libc++";
				CLANG_ENABLE_MODULES = YES;
				CLANG_ENABLE_OBJC_ARC = YES;
				CLANG_ENABLE_OBJC_WEAK = YES;
				CLANG_WARN_BLOCK_CAPTURE_AUTORELEASING = YES;
				CLANG_WARN_BOOL_CONVERSION = YES;
				CLANG_WARN_COMMA = YES;
				CLANG_WARN_CONSTANT_CONVERSION = YES;
				CLANG_WARN_DEPRECATED_OBJC_IMPLEMENTATIONS = YES;
				CLANG_WARN_DIRECT_OBJC_ISA_USAGE = YES_ERROR;
				CLANG_WARN_DOCUMENTATION_COMMENTS = YES;
				CLANG_WARN_EMPTY_BODY = YES;
				CLANG_WARN_ENUM_CONVERSION = YES;
				CLANG_WARN_INFINITE_RECURSION = YES;
				CLANG_WARN_INT_CONVERSION = YES;
				CLANG_WARN_NON_LITERAL_NULL_CONVERSION = YES;
				CLANG_WARN_OBJC_IMPLICIT_RETAIN_SELF = YES;
				CLANG_WARN_OBJC_LITERAL_CONVERSION = YES;
				CLANG_WARN_OBJC_ROOT_CLASS = YES_ERROR;
				CLANG_WARN_RANGE_LOOP_ANALYSIS = YES;
				CLANG_WARN_STRICT_PROTOTYPES = YES;
				CLANG_WARN_SUSPICIOUS_MOVE = YES;
				CLANG_WARN_UNGUARDED_AVAILABILITY = YES_AGGRESSIVE;
				CLANG_WARN_UNREACHABLE_CODE = YES;
				CLANG_WARN__DUPLICATE_METHOD_MATCH = YES;
				COPY_PHASE_STRIP = NO;
				DEBUG_INFORMATION_FORMAT = dwarf;
				ENABLE_STRICT_OBJC_MSGSEND = YES;
				ENABLE_TESTABILITY = YES;
				GCC_C_LANGUAGE_STANDARD = gnu11;
				GCC_DYNAMIC_NO_PIC = NO;
				GCC_NO_COMMON_BLOCKS = YES;
				GCC_OPTIMIZATION_LEVEL = 0;
				GCC_PREPROCESSOR_DEFINITIONS = (
					"DEBUG=1",
					"$(inherited)",
				);
				GCC_WARN_64_TO_32_BIT_CONVERSION = YES;
				GCC_WARN_ABOUT_RETURN_TYPE = YES_ERROR;
				GCC_WARN_UNDECLARED_SELECTOR = YES;
				GCC_WARN_UNINITIALIZED_AUTOS = YES_AGGRESSIVE;
				GCC_WARN_UNUSED_FUNCTION = YES;
				GCC_WARN_UNUSED_VARIABLE = YES;
				IPHONEOS_DEPLOYMENT_TARGET = 13.5;
				MTL_ENABLE_DEBUG_INFO = INCLUDE_SOURCE;
				MTL_FAST_MATH = YES;
				ONLY_ACTIVE_ARCH = YES;
				SDKROOT = iphoneos;
				SWIFT_ACTIVE_COMPILATION_CONDITIONS = DEBUG;
				SWIFT_OPTIMIZATION_LEVEL = "-Onone";
			};
			name = Debug;
		};
		C36E854024910420002A5093 /* Release */ = {
			isa = XCBuildConfiguration;
			buildSettings = {
				ALWAYS_SEARCH_USER_PATHS = NO;
				CLANG_ANALYZER_NONNULL = YES;
				CLANG_ANALYZER_NUMBER_OBJECT_CONVERSION = YES_AGGRESSIVE;
				CLANG_CXX_LANGUAGE_STANDARD = "gnu++14";
				CLANG_CXX_LIBRARY = "libc++";
				CLANG_ENABLE_MODULES = YES;
				CLANG_ENABLE_OBJC_ARC = YES;
				CLANG_ENABLE_OBJC_WEAK = YES;
				CLANG_WARN_BLOCK_CAPTURE_AUTORELEASING = YES;
				CLANG_WARN_BOOL_CONVERSION = YES;
				CLANG_WARN_COMMA = YES;
				CLANG_WARN_CONSTANT_CONVERSION = YES;
				CLANG_WARN_DEPRECATED_OBJC_IMPLEMENTATIONS = YES;
				CLANG_WARN_DIRECT_OBJC_ISA_USAGE = YES_ERROR;
				CLANG_WARN_DOCUMENTATION_COMMENTS = YES;
				CLANG_WARN_EMPTY_BODY = YES;
				CLANG_WARN_ENUM_CONVERSION = YES;
				CLANG_WARN_INFINITE_RECURSION = YES;
				CLANG_WARN_INT_CONVERSION = YES;
				CLANG_WARN_NON_LITERAL_NULL_CONVERSION = YES;
				CLANG_WARN_OBJC_IMPLICIT_RETAIN_SELF = YES;
				CLANG_WARN_OBJC_LITERAL_CONVERSION = YES;
				CLANG_WARN_OBJC_ROOT_CLASS = YES_ERROR;
				CLANG_WARN_RANGE_LOOP_ANALYSIS = YES;
				CLANG_WARN_STRICT_PROTOTYPES = YES;
				CLANG_WARN_SUSPICIOUS_MOVE = YES;
				CLANG_WARN_UNGUARDED_AVAILABILITY = YES_AGGRESSIVE;
				CLANG_WARN_UNREACHABLE_CODE = YES;
				CLANG_WARN__DUPLICATE_METHOD_MATCH = YES;
				COPY_PHASE_STRIP = NO;
				DEBUG_INFORMATION_FORMAT = "dwarf-with-dsym";
				ENABLE_NS_ASSERTIONS = NO;
				ENABLE_STRICT_OBJC_MSGSEND = YES;
				GCC_C_LANGUAGE_STANDARD = gnu11;
				GCC_NO_COMMON_BLOCKS = YES;
				GCC_WARN_64_TO_32_BIT_CONVERSION = YES;
				GCC_WARN_ABOUT_RETURN_TYPE = YES_ERROR;
				GCC_WARN_UNDECLARED_SELECTOR = YES;
				GCC_WARN_UNINITIALIZED_AUTOS = YES_AGGRESSIVE;
				GCC_WARN_UNUSED_FUNCTION = YES;
				GCC_WARN_UNUSED_VARIABLE = YES;
				IPHONEOS_DEPLOYMENT_TARGET = 13.5;
				MTL_ENABLE_DEBUG_INFO = NO;
				MTL_FAST_MATH = YES;
				SDKROOT = iphoneos;
				SWIFT_COMPILATION_MODE = wholemodule;
				SWIFT_OPTIMIZATION_LEVEL = "-O";
				VALIDATE_PRODUCT = YES;
			};
			name = Release;
		};
		C36E854224910420002A5093 /* Debug */ = {
			isa = XCBuildConfiguration;
			buildSettings = {
				ASSETCATALOG_COMPILER_APPICON_NAME = AppIcon;
				CODE_SIGN_STYLE = Automatic;
				DEVELOPMENT_ASSET_PATHS = "\"BucketList/Preview Content\"";
				DEVELOPMENT_TEAM = TL2K3UG7R4;
				ENABLE_PREVIEWS = YES;
				INFOPLIST_FILE = BucketList/Info.plist;
				LD_RUNPATH_SEARCH_PATHS = (
					"$(inherited)",
					"@executable_path/Frameworks",
				);
				PRODUCT_BUNDLE_IDENTIFIER = "Donny-G.BucketList";
				PRODUCT_NAME = "$(TARGET_NAME)";
				SWIFT_VERSION = 5.0;
				TARGETED_DEVICE_FAMILY = "1,2";
			};
			name = Debug;
		};
		C36E854324910420002A5093 /* Release */ = {
			isa = XCBuildConfiguration;
			buildSettings = {
				ASSETCATALOG_COMPILER_APPICON_NAME = AppIcon;
				CODE_SIGN_STYLE = Automatic;
				DEVELOPMENT_ASSET_PATHS = "\"BucketList/Preview Content\"";
				DEVELOPMENT_TEAM = TL2K3UG7R4;
				ENABLE_PREVIEWS = YES;
				INFOPLIST_FILE = BucketList/Info.plist;
				LD_RUNPATH_SEARCH_PATHS = (
					"$(inherited)",
					"@executable_path/Frameworks",
				);
				PRODUCT_BUNDLE_IDENTIFIER = "Donny-G.BucketList";
				PRODUCT_NAME = "$(TARGET_NAME)";
				SWIFT_VERSION = 5.0;
				TARGETED_DEVICE_FAMILY = "1,2";
			};
			name = Release;
		};
/* End XCBuildConfiguration section */

/* Begin XCConfigurationList section */
		C36E85282491041E002A5093 /* Build configuration list for PBXProject "BucketList" */ = {
			isa = XCConfigurationList;
			buildConfigurations = (
				C36E853F24910420002A5093 /* Debug */,
				C36E854024910420002A5093 /* Release */,
			);
			defaultConfigurationIsVisible = 0;
			defaultConfigurationName = Release;
		};
		C36E854124910420002A5093 /* Build configuration list for PBXNativeTarget "BucketList" */ = {
			isa = XCConfigurationList;
			buildConfigurations = (
				C36E854224910420002A5093 /* Debug */,
				C36E854324910420002A5093 /* Release */,
			);
			defaultConfigurationIsVisible = 0;
			defaultConfigurationName = Release;
		};
/* End XCConfigurationList section */
	};
	rootObject = C36E85252491041E002A5093 /* Project object */;
}
